
Microsoft Visual Studio Solution File, Format Version 12.00
# Visual Studio Version 17
VisualStudioVersion = 17.5.33414.496
MinimumVisualStudioVersion = 10.0.40219.1
Project("{FAE04EC0-301F-11D3-BF4B-00C04F79EFBC}") = "lab-1", "lab-1.csproj", "{1E98E2C9-FDEE-4CD5-8095-4DEDA1F86575}"
EndProject
Global
	GlobalSection(SolutionConfigurationPlatforms) = preSolution
		Debug|Any CPU = Debug|Any CPU
		Release|Any CPU = Release|Any CPU
	EndGlobalSection
	GlobalSection(ProjectConfigurationPlatforms) = postSolution
		{1E98E2C9-FDEE-4CD5-8095-4DEDA1F86575}.Debug|Any CPU.ActiveCfg = Debug|Any CPU
		{1E98E2C9-FDEE-4CD5-8095-4DEDA1F86575}.Debug|Any CPU.Build.0 = Debug|Any CPU
		{1E98E2C9-FDEE-4CD5-8095-4DEDA1F86575}.Release|Any CPU.ActiveCfg = Release|Any CPU
		{1E98E2C9-FDEE-4CD5-8095-4DEDA1F86575}.Release|Any CPU.Build.0 = Release|Any CPU
	EndGlobalSection
	GlobalSection(SolutionProperties) = preSolution
		HideSolutionNode = FALSE
	EndGlobalSection
	GlobalSection(ExtensibilityGlobals) = postSolution
		SolutionGuid = {502E3E66-798E-40DC-8DD9-173FDB3836C3}
	EndGlobalSection
EndGlobal
